
Microsoft Visual Studio Solution File, Format Version 12.00
# Visual Studio Version 17
VisualStudioVersion = 17.8.34316.72
MinimumVisualStudioVersion = 10.0.40219.1
Project("{FAE04EC0-301F-11D3-BF4B-00C04F79EFBC}") = "GamingTreeMinMax", "GamingTreeMinMax\GamingTreeMinMax.csproj", "{11ADB567-94A3-4674-ABBA-2A44BED10986}"
EndProject
Global
	GlobalSection(SolutionConfigurationPlatforms) = preSolution
		Debug|Any CPU = Debug|Any CPU
		Release|Any CPU = Release|Any CPU
	EndGlobalSection
	GlobalSection(ProjectConfigurationPlatforms) = postSolution
		{11ADB567-94A3-4674-ABBA-2A44BED10986}.Debug|Any CPU.ActiveCfg = Debug|Any CPU
		{11ADB567-94A3-4674-ABBA-2A44BED10986}.Debug|Any CPU.Build.0 = Debug|Any CPU
		{11ADB567-94A3-4674-ABBA-2A44BED10986}.Release|Any CPU.ActiveCfg = Release|Any CPU
		{11ADB567-94A3-4674-ABBA-2A44BED10986}.Release|Any CPU.Build.0 = Release|Any CPU
	EndGlobalSection
	GlobalSection(SolutionProperties) = preSolution
		HideSolutionNode = FALSE
	EndGlobalSection
	GlobalSection(ExtensibilityGlobals) = postSolution
		SolutionGuid = {6C7290AD-7734-4EDE-A43C-ECB87A9B4F89}
	EndGlobalSection
EndGlobal
